
Microsoft Visual Studio Solution File, Format Version 12.00
# Visual Studio Version 16
VisualStudioVersion = 16.0.30611.23
MinimumVisualStudioVersion = 10.0.40219.1
Project("{9A19103F-16F7-4668-BE54-9A1E7A4F7556}") = "TravelManagerFE", "TravelManagerFE\TravelManagerFE.csproj", "{D3B11043-0DA3-4EE7-9AC7-AA3A82FAFC59}"
EndProject
Global
	GlobalSection(SolutionConfigurationPlatforms) = preSolution
		Debug|Any CPU = Debug|Any CPU
		Release|Any CPU = Release|Any CPU
	EndGlobalSection
	GlobalSection(ProjectConfigurationPlatforms) = postSolution
		{D3B11043-0DA3-4EE7-9AC7-AA3A82FAFC59}.Debug|Any CPU.ActiveCfg = Debug|Any CPU
		{D3B11043-0DA3-4EE7-9AC7-AA3A82FAFC59}.Debug|Any CPU.Build.0 = Debug|Any CPU
		{D3B11043-0DA3-4EE7-9AC7-AA3A82FAFC59}.Release|Any CPU.ActiveCfg = Release|Any CPU
		{D3B11043-0DA3-4EE7-9AC7-AA3A82FAFC59}.Release|Any CPU.Build.0 = Release|Any CPU
	EndGlobalSection
	GlobalSection(SolutionProperties) = preSolution
		HideSolutionNode = FALSE
	EndGlobalSection
	GlobalSection(ExtensibilityGlobals) = postSolution
		SolutionGuid = {AB6D9D14-E2F4-4D1C-ACD8-7DB1D518E85B}
	EndGlobalSection
EndGlobal
